
Microsoft Visual Studio Solution File, Format Version 12.00
# Visual Studio Version 16
VisualStudioVersion = 16.0.29709.97
MinimumVisualStudioVersion = 10.0.40219.1
Project("{FAE04EC0-301F-11D3-BF4B-00C04F79EFBC}") = "BST", "BST\BST.csproj", "{59C64996-BBF8-4967-88BA-4261F733DC2A}"
EndProject
Global
	GlobalSection(SolutionConfigurationPlatforms) = preSolution
		Debug|Any CPU = Debug|Any CPU
		Release|Any CPU = Release|Any CPU
	EndGlobalSection
	GlobalSection(ProjectConfigurationPlatforms) = postSolution
		{59C64996-BBF8-4967-88BA-4261F733DC2A}.Debug|Any CPU.ActiveCfg = Debug|Any CPU
		{59C64996-BBF8-4967-88BA-4261F733DC2A}.Debug|Any CPU.Build.0 = Debug|Any CPU
		{59C64996-BBF8-4967-88BA-4261F733DC2A}.Release|Any CPU.ActiveCfg = Release|Any CPU
		{59C64996-BBF8-4967-88BA-4261F733DC2A}.Release|Any CPU.Build.0 = Release|Any CPU
	EndGlobalSection
	GlobalSection(SolutionProperties) = preSolution
		HideSolutionNode = FALSE
	EndGlobalSection
	GlobalSection(ExtensibilityGlobals) = postSolution
		SolutionGuid = {ED4A7D9A-D6BA-475A-8642-707EC39B130E}
	EndGlobalSection
EndGlobal
